<?xml version="1.0" encoding="utf-8"?>
<Project ToolsVersion="14.0" xmlns="http://schemas.microsoft.com/developer/msbuild/2003">
  <ItemGroup>
    <ClCompile Include="DHProject.cpp" />
    <ClCompile Include="cTED.cpp" />
    <ClCompile Include="Door Connections.cpp" />
    <ClCompile Include="globals.cpp" />
    <ClCompile Include="GlobalVars.cpp" />
    <ClCompile Include="HeaderEditor.cpp" />
    <ClCompile Include="Insert.cpp" />
    <ClCompile Include="IPSPatch.cpp" />
    <ClCompile Include="main.cpp" />
    <ClCompile Include="MinimapEditor.cpp" />
    <ClCompile Include="MinimapEditorClass.cpp" />
    <ClCompile Include="nFunctions.cpp" />
    <ClCompile Include="PaletteEditor.cpp" />
    <ClCompile Include="RightMouseClick.cpp" />
    <ClCompile Include="ROMFile.cpp" />
    <ClCompile Include="RoomOptions.cpp" />
    <ClCompile Include="SceneryEditor.cpp" />
    <ClCompile Include="StatEditor.cpp" />
    <ClCompile Include="TextEditor.cpp" />
    <ClCompile Include="TilesetWindow.cpp" />
    <ClCompile Include="Translation.cpp" />
    <ClCompile Include="UIState.cpp" />
    <ClCompile Include="UndoBuffer.cpp" />
    <ClCompile Include="cClipboard.cpp">
      <Filter>Editor</Filter>
    </ClCompile>
    <ClCompile Include="BGImportEditor.cpp">
      <Filter>Editor</Filter>
    </ClCompile>
    <ClCompile Include="Clipboard.cpp">
      <Filter>Editor</Filter>
    </ClCompile>
    <ClCompile Include="frmDoor.cpp">
      <Filter>Editor\Dialogs</Filter>
    </ClCompile>
    <ClCompile Include="frmMapData.cpp">
      <Filter>Editor\Dialogs</Filter>
    </ClCompile>
    <ClCompile Include="frmRepoint.cpp">
      <Filter>Editor\Dialogs</Filter>
    </ClCompile>
    <ClCompile Include="frmScrolls.cpp">
      <Filter>Editor\Dialogs</Filter>
    </ClCompile>
    <ClCompile Include="ScrollBarHandle.cpp">
      <Filter>Utils</Filter>
    </ClCompile>
    <ClCompile Include="Scrolls.cpp">
      <Filter>Utils</Filter>
    </ClCompile>
    <ClCompile Include="TabControls.cpp" />
    <ClCompile Include="fraMainProc.cpp" />
    <ClCompile Include="TSAEditor.cpp" />
    <ClCompile Include="MapWindow.cpp" />
    <ClCompile Include="SamusEditorClass.cpp" />
    <ClCompile Include="AppData.cpp" />
    <ClCompile Include="WindowScrollbar.cpp" />
    <ClCompile Include="MapUtils.cpp" />
    <ClCompile Include="SpriteSelector.cpp" />
    <ClCompile Include="SpriteSetEditor.cpp" />
    <ClCompile Include="frmOAM.cpp">
      <Filter>Editor\Dialogs</Filter>
    </ClCompile>
    <ClCompile Include="OAMWinProcedureInit.cpp" />
    <ClCompile Include="UI\HandleMenu.cpp" />
    <ClCompile Include="cStatEd.cpp" />
    <ClCompile Include="clsScroll.cpp">
      <Filter>Editor</Filter>
    </ClCompile>
    <ClCompile Include="cOAMEdit.cpp">
      <Filter>Editor\DialogClasses</Filter>
    </ClCompile>
    <ClCompile Include="cSSE.cpp">
      <Filter>Editor\DialogClasses</Filter>
    </ClCompile>
    <ClCompile Include="cTSAEditorClass.cpp" />
    <ClCompile Include="frmSamusEditor.cpp">
      <Filter>SamusEditor</Filter>
    </ClCompile>
    <ClCompile Include="IObject.cpp">
      <Filter>Editor\Interfaces</Filter>
    </ClCompile>
  </ItemGroup>
  <ItemGroup>
    <ClInclude Include="cTextEditor.h" />
    <ClInclude Include="Dec.h" />
    <ClInclude Include="DHProject.h" />
    <ClInclude Include="Door Connections.h" />
    <ClInclude Include="GlobalFunctions.h" />
    <ClInclude Include="globals.h" />
    <ClInclude Include="GlobalVars.h" />
    <ClInclude Include="IPSPatch.h" />
    <ClInclude Include="MainHeader.h" />
    <ClInclude Include="MainWindow.h" />
    <ClInclude Include="resource.h" />
    <ClInclude Include="ResourceAndDefines.h" />
    <ClInclude Include="stdafx.h" />
    <ClInclude Include="TextEditorHeader.h" />
    <ClInclude Include="UIState.h" />
    <ClInclude Include="wndBGImport.h" />
    <ClInclude Include="cClipboard.h">
      <Filter>Editor</Filter>
    </ClInclude>
    <ClInclude Include="frmRepoint.h">
      <Filter>Editor\Dialogs</Filter>
    </ClInclude>
    <ClInclude Include="TabControls.h" />
    <ClInclude Include="fraMainProc.h" />
    <ClInclude Include="SupportedTitles.h" />
    <ClInclude Include="SamusEditorClass.h" />
    <ClInclude Include="AppData.h" />
    <ClInclude Include="WindowScrollbar.h" />
    <ClInclude Include="MapUtils.h" />
    <ClInclude Include="MinimapClass.h" />
    <ClInclude Include="cStatEd.h" />
    <ClInclude Include="clsScroll.h">
      <Filter>Editor</Filter>
    </ClInclude>
    <ClInclude Include="cOAMEdit.h">
      <Filter>Editor\DialogClasses</Filter>
    </ClInclude>
    <ClInclude Include="cSSE.h">
      <Filter>Editor\DialogClasses</Filter>
    </ClInclude>
    <ClInclude Include="cTSAEditorClass.h" />
    <ClInclude Include="IObject.h">
      <Filter>Editor\Interfaces</Filter>
    </ClInclude>
  </ItemGroup>
  <ItemGroup>
    <ResourceCompile Include="res.rc" />
  </ItemGroup>
  <ItemGroup>
    <Image Include="icon5.ico" />
  </ItemGroup>
  <ItemGroup>
    <None Include="packages.config" />
    <None Include="res.aps" />
  </ItemGroup>
  <ItemGroup>
    <Text Include="fusionSpritePositions.txt" />
    <Text Include="ZeroMissionSpritePositions.txt" />
  </ItemGroup>
  <ItemGroup>
    <Filter Include="framework">
      <UniqueIdentifier>{49d5abf5-fa80-4028-9efd-fd61f503140c}</UniqueIdentifier>
    </Filter>
    <Filter Include="io">
      <UniqueIdentifier>{5aa48237-c698-4081-a80a-e41b92bb32f6}</UniqueIdentifier>
    </Filter>
    <Filter Include="Editor">
      <UniqueIdentifier>{5f41d3ee-ef77-47a7-b838-19d4cf91035b}</UniqueIdentifier>
    </Filter>
    <Filter Include="Utils">
      <UniqueIdentifier>{adae8887-5069-4dbf-a603-38197f163816}</UniqueIdentifier>
    </Filter>
    <Filter Include="Editor\Dialogs">
      <UniqueIdentifier>{73011bbb-0f5b-4b5c-958b-57e708d6a2c5}</UniqueIdentifier>
    </Filter>
    <Filter Include="Doors">
      <UniqueIdentifier>{53d29fab-8e85-47fe-b549-335df618833c}</UniqueIdentifier>
    </Filter>
    <Filter Include="AppStuff">
      <UniqueIdentifier>{6b276e7b-a5ea-4a6e-8f72-117c522bde5b}</UniqueIdentifier>
    </Filter>
    <Filter Include="SamusEditor">
      <UniqueIdentifier>{84c209ea-7cee-4f22-aa14-070a5449e533}</UniqueIdentifier>
    </Filter>
    <Filter Include="Editor\Dialogs\NewFilter1">
      <UniqueIdentifier>{a563c3d4-6fae-4b0c-a5e5-1d6a62c46796}</UniqueIdentifier>
    </Filter>
    <Filter Include="Editor\DialogClasses">
      <UniqueIdentifier>{7f3e7932-80ab-4b96-aa34-b48fc2621304}</UniqueIdentifier>
    </Filter>
    <Filter Include="Editor\Interfaces">
      <UniqueIdentifier>{07c25b18-2a0a-4d95-8767-9951ab694d98}</UniqueIdentifier>
    </Filter>
  </ItemGroup>
</Project>