
Microsoft Visual Studio Solution File, Format Version 12.00
# Visual Studio 14
VisualStudioVersion = 14.0.25420.1
MinimumVisualStudioVersion = 10.0.40219.1
Project("{8BC9CEB8-8B4A-11D0-8D11-00A0C91BC942}") = "DoubleHelix", "DoubleHelix.vcxproj", "{CF72C827-4139-46D4-A027-036E657C2E75}"
	ProjectSection(ProjectDependencies) = postProject
		{26083525-A22A-4A3F-9439-694B1E399106} = {26083525-A22A-4A3F-9439-694B1E399106}
		{B9CBF26C-BA6C-4F6D-B074-8847B2E633E5} = {B9CBF26C-BA6C-4F6D-B074-8847B2E633E5}
		{98B6D777-A941-428A-9FED-7C9C7C0E6C5F} = {98B6D777-A941-428A-9FED-7C9C7C0E6C5F}
		{C52C38F1-5DE9-49C2-B8D6-FFEB8F71E27D} = {C52C38F1-5DE9-49C2-B8D6-FFEB8F71E27D}
	EndProjectSection
EndProject
Project("{8BC9CEB8-8B4A-11D0-8D11-00A0C91BC942}") = "RD1Engine", "..\RD1Enginesource\RD1Engine.vcxproj", "{26083525-A22A-4A3F-9439-694B1E399106}"
	ProjectSection(ProjectDependencies) = postProject
		{98B6D777-A941-428A-9FED-7C9C7C0E6C5F} = {98B6D777-A941-428A-9FED-7C9C7C0E6C5F}
		{C52C38F1-5DE9-49C2-B8D6-FFEB8F71E27D} = {C52C38F1-5DE9-49C2-B8D6-FFEB8F71E27D}
	EndProjectSection
EndProject
Project("{2150E333-8FDC-42A3-9474-1A3956D46DE8}") = "grit", "grit", "{0685DF6C-08C2-42FD-BD79-152D40B3E75B}"
EndProject
Project("{8BC9CEB8-8B4A-11D0-8D11-00A0C91BC942}") = "cldib", "..\grit\cldib\cldib.vcxproj", "{C52C38F1-5DE9-49C2-B8D6-FFEB8F71E27D}"
EndProject
Project("{8BC9CEB8-8B4A-11D0-8D11-00A0C91BC942}") = "libgrit", "..\grit\libgrit\libgrit.vcxproj", "{98B6D777-A941-428A-9FED-7C9C7C0E6C5F}"
EndProject
Project("{8BC9CEB8-8B4A-11D0-8D11-00A0C91BC942}") = "mRNA_UI", "..\RNA_UI\RNA_UI.vcxproj", "{B9CBF26C-BA6C-4F6D-B074-8847B2E633E5}"
EndProject
Project("{8BC9CEB8-8B4A-11D0-8D11-00A0C91BC942}") = "tRNA_GFX", "tRNA_GFX\tRNA_GFX.vcxproj", "{B2F0CC70-B712-4684-B99A-7054A69E4643}"
EndProject
Project("{8BC9CEB8-8B4A-11D0-8D11-00A0C91BC942}") = "DNAFission", "..\DNAFission\DNAFission.vcxproj", "{87AAAEA5-8882-4FA9-856F-C3DCE422CD81}"
EndProject
Global
	GlobalSection(SolutionConfigurationPlatforms) = preSolution
		Debug|Any CPU = Debug|Any CPU
		Debug|ARM = Debug|ARM
		Debug|Win32 = Debug|Win32
		Debug|x64 = Debug|x64
		Release|Any CPU = Release|Any CPU
		Release|ARM = Release|ARM
		Release|Win32 = Release|Win32
		Release|x64 = Release|x64
	EndGlobalSection
	GlobalSection(ProjectConfigurationPlatforms) = postSolution
		{CF72C827-4139-46D4-A027-036E657C2E75}.Debug|Any CPU.ActiveCfg = Debug|Win32
		{CF72C827-4139-46D4-A027-036E657C2E75}.Debug|Any CPU.Build.0 = Debug|Win32
		{CF72C827-4139-46D4-A027-036E657C2E75}.Debug|ARM.ActiveCfg = Debug|Win32
		{CF72C827-4139-46D4-A027-036E657C2E75}.Debug|Win32.ActiveCfg = Debug|Win32
		{CF72C827-4139-46D4-A027-036E657C2E75}.Debug|Win32.Build.0 = Debug|Win32
		{CF72C827-4139-46D4-A027-036E657C2E75}.Debug|x64.ActiveCfg = Debug|Win32
		{CF72C827-4139-46D4-A027-036E657C2E75}.Release|Any CPU.ActiveCfg = Release|Win32
		{CF72C827-4139-46D4-A027-036E657C2E75}.Release|ARM.ActiveCfg = Release|Win32
		{CF72C827-4139-46D4-A027-036E657C2E75}.Release|Win32.ActiveCfg = Release|Win32
		{CF72C827-4139-46D4-A027-036E657C2E75}.Release|Win32.Build.0 = Release|Win32
		{CF72C827-4139-46D4-A027-036E657C2E75}.Release|x64.ActiveCfg = Release|Win32
		{26083525-A22A-4A3F-9439-694B1E399106}.Debug|Any CPU.ActiveCfg = Debug|Win32
		{26083525-A22A-4A3F-9439-694B1E399106}.Debug|Any CPU.Build.0 = Debug|Win32
		{26083525-A22A-4A3F-9439-694B1E399106}.Debug|ARM.ActiveCfg = Debug|Win32
		{26083525-A22A-4A3F-9439-694B1E399106}.Debug|Win32.ActiveCfg = Debug|Win32
		{26083525-A22A-4A3F-9439-694B1E399106}.Debug|Win32.Build.0 = Debug|Win32
		{26083525-A22A-4A3F-9439-694B1E399106}.Debug|x64.ActiveCfg = Debug|x64
		{26083525-A22A-4A3F-9439-694B1E399106}.Debug|x64.Build.0 = Debug|x64
		{26083525-A22A-4A3F-9439-694B1E399106}.Release|Any CPU.ActiveCfg = Release|Win32
		{26083525-A22A-4A3F-9439-694B1E399106}.Release|ARM.ActiveCfg = Release|Win32
		{26083525-A22A-4A3F-9439-694B1E399106}.Release|Win32.ActiveCfg = Release|Win32
		{26083525-A22A-4A3F-9439-694B1E399106}.Release|Win32.Build.0 = Release|Win32
		{26083525-A22A-4A3F-9439-694B1E399106}.Release|x64.ActiveCfg = Release|x64
		{26083525-A22A-4A3F-9439-694B1E399106}.Release|x64.Build.0 = Release|x64
		{C52C38F1-5DE9-49C2-B8D6-FFEB8F71E27D}.Debug|Any CPU.ActiveCfg = Debug|Win32
		{C52C38F1-5DE9-49C2-B8D6-FFEB8F71E27D}.Debug|ARM.ActiveCfg = Debug|Win32
		{C52C38F1-5DE9-49C2-B8D6-FFEB8F71E27D}.Debug|Win32.ActiveCfg = Debug|Win32
		{C52C38F1-5DE9-49C2-B8D6-FFEB8F71E27D}.Debug|Win32.Build.0 = Debug|Win32
		{C52C38F1-5DE9-49C2-B8D6-FFEB8F71E27D}.Debug|x64.ActiveCfg = Debug|Win32
		{C52C38F1-5DE9-49C2-B8D6-FFEB8F71E27D}.Release|Any CPU.ActiveCfg = Release|Win32
		{C52C38F1-5DE9-49C2-B8D6-FFEB8F71E27D}.Release|ARM.ActiveCfg = Release|Win32
		{C52C38F1-5DE9-49C2-B8D6-FFEB8F71E27D}.Release|Win32.ActiveCfg = Release|Win32
		{C52C38F1-5DE9-49C2-B8D6-FFEB8F71E27D}.Release|Win32.Build.0 = Release|Win32
		{C52C38F1-5DE9-49C2-B8D6-FFEB8F71E27D}.Release|x64.ActiveCfg = Release|Win32
		{98B6D777-A941-428A-9FED-7C9C7C0E6C5F}.Debug|Any CPU.ActiveCfg = Debug|Win32
		{98B6D777-A941-428A-9FED-7C9C7C0E6C5F}.Debug|ARM.ActiveCfg = Debug|Win32
		{98B6D777-A941-428A-9FED-7C9C7C0E6C5F}.Debug|Win32.ActiveCfg = Debug|Win32
		{98B6D777-A941-428A-9FED-7C9C7C0E6C5F}.Debug|Win32.Build.0 = Debug|Win32
		{98B6D777-A941-428A-9FED-7C9C7C0E6C5F}.Debug|x64.ActiveCfg = Debug|Win32
		{98B6D777-A941-428A-9FED-7C9C7C0E6C5F}.Release|Any CPU.ActiveCfg = Release|Win32
		{98B6D777-A941-428A-9FED-7C9C7C0E6C5F}.Release|ARM.ActiveCfg = Release|Win32
		{98B6D777-A941-428A-9FED-7C9C7C0E6C5F}.Release|Win32.ActiveCfg = Release|Win32
		{98B6D777-A941-428A-9FED-7C9C7C0E6C5F}.Release|Win32.Build.0 = Release|Win32
		{98B6D777-A941-428A-9FED-7C9C7C0E6C5F}.Release|x64.ActiveCfg = Release|Win32
		{B9CBF26C-BA6C-4F6D-B074-8847B2E633E5}.Debug|Any CPU.ActiveCfg = Debug|Win32
		{B9CBF26C-BA6C-4F6D-B074-8847B2E633E5}.Debug|ARM.ActiveCfg = Debug|Win32
		{B9CBF26C-BA6C-4F6D-B074-8847B2E633E5}.Debug|Win32.ActiveCfg = Debug|Win32
		{B9CBF26C-BA6C-4F6D-B074-8847B2E633E5}.Debug|Win32.Build.0 = Debug|Win32
		{B9CBF26C-BA6C-4F6D-B074-8847B2E633E5}.Debug|x64.ActiveCfg = Debug|x64
		{B9CBF26C-BA6C-4F6D-B074-8847B2E633E5}.Debug|x64.Build.0 = Debug|x64
		{B9CBF26C-BA6C-4F6D-B074-8847B2E633E5}.Release|Any CPU.ActiveCfg = Release|Win32
		{B9CBF26C-BA6C-4F6D-B074-8847B2E633E5}.Release|ARM.ActiveCfg = Release|Win32
		{B9CBF26C-BA6C-4F6D-B074-8847B2E633E5}.Release|Win32.ActiveCfg = Release|Win32
		{B9CBF26C-BA6C-4F6D-B074-8847B2E633E5}.Release|Win32.Build.0 = Release|Win32
		{B9CBF26C-BA6C-4F6D-B074-8847B2E633E5}.Release|x64.ActiveCfg = Release|x64
		{B9CBF26C-BA6C-4F6D-B074-8847B2E633E5}.Release|x64.Build.0 = Release|x64
		{B2F0CC70-B712-4684-B99A-7054A69E4643}.Debug|Any CPU.ActiveCfg = Debug|Win32
		{B2F0CC70-B712-4684-B99A-7054A69E4643}.Debug|ARM.ActiveCfg = Debug|Win32
		{B2F0CC70-B712-4684-B99A-7054A69E4643}.Debug|Win32.ActiveCfg = Debug|Win32
		{B2F0CC70-B712-4684-B99A-7054A69E4643}.Debug|Win32.Build.0 = Debug|Win32
		{B2F0CC70-B712-4684-B99A-7054A69E4643}.Debug|x64.ActiveCfg = Debug|x64
		{B2F0CC70-B712-4684-B99A-7054A69E4643}.Debug|x64.Build.0 = Debug|x64
		{B2F0CC70-B712-4684-B99A-7054A69E4643}.Release|Any CPU.ActiveCfg = Release|Win32
		{B2F0CC70-B712-4684-B99A-7054A69E4643}.Release|ARM.ActiveCfg = Release|Win32
		{B2F0CC70-B712-4684-B99A-7054A69E4643}.Release|Win32.ActiveCfg = Release|Win32
		{B2F0CC70-B712-4684-B99A-7054A69E4643}.Release|Win32.Build.0 = Release|Win32
		{B2F0CC70-B712-4684-B99A-7054A69E4643}.Release|x64.ActiveCfg = Release|x64
		{B2F0CC70-B712-4684-B99A-7054A69E4643}.Release|x64.Build.0 = Release|x64
		{87AAAEA5-8882-4FA9-856F-C3DCE422CD81}.Debug|Any CPU.ActiveCfg = Debug|Win32
		{87AAAEA5-8882-4FA9-856F-C3DCE422CD81}.Debug|ARM.ActiveCfg = Debug|ARM
		{87AAAEA5-8882-4FA9-856F-C3DCE422CD81}.Debug|ARM.Build.0 = Debug|ARM
		{87AAAEA5-8882-4FA9-856F-C3DCE422CD81}.Debug|Win32.ActiveCfg = Debug|Win32
		{87AAAEA5-8882-4FA9-856F-C3DCE422CD81}.Debug|Win32.Build.0 = Debug|Win32
		{87AAAEA5-8882-4FA9-856F-C3DCE422CD81}.Debug|x64.ActiveCfg = Debug|x64
		{87AAAEA5-8882-4FA9-856F-C3DCE422CD81}.Debug|x64.Build.0 = Debug|x64
		{87AAAEA5-8882-4FA9-856F-C3DCE422CD81}.Release|Any CPU.ActiveCfg = Release|Win32
		{87AAAEA5-8882-4FA9-856F-C3DCE422CD81}.Release|ARM.ActiveCfg = Release|ARM
		{87AAAEA5-8882-4FA9-856F-C3DCE422CD81}.Release|ARM.Build.0 = Release|ARM
		{87AAAEA5-8882-4FA9-856F-C3DCE422CD81}.Release|Win32.ActiveCfg = Release|Win32
		{87AAAEA5-8882-4FA9-856F-C3DCE422CD81}.Release|Win32.Build.0 = Release|Win32
		{87AAAEA5-8882-4FA9-856F-C3DCE422CD81}.Release|x64.ActiveCfg = Release|x64
		{87AAAEA5-8882-4FA9-856F-C3DCE422CD81}.Release|x64.Build.0 = Release|x64
	EndGlobalSection
	GlobalSection(SolutionProperties) = preSolution
		HideSolutionNode = FALSE
	EndGlobalSection
	GlobalSection(NestedProjects) = preSolution
		{C52C38F1-5DE9-49C2-B8D6-FFEB8F71E27D} = {0685DF6C-08C2-42FD-BD79-152D40B3E75B}
		{98B6D777-A941-428A-9FED-7C9C7C0E6C5F} = {0685DF6C-08C2-42FD-BD79-152D40B3E75B}
	EndGlobalSection
EndGlobal
